
Microsoft Visual Studio Solution File, Format Version 12.00
# Visual Studio 15
Project("{FAE04EC0-301F-11D3-BF4B-00C04F79EFBC}") = "pdfCoreTest", "pdfCoreTest\pdfCoreTest.csproj", "{F159DC60-8D0E-4F06-8055-270C5A6D6A43}"
EndProject
Project("{FAE04EC0-301F-11D3-BF4B-00C04F79EFBC}") = "TemplatorEngine.Pdf", "TemplatorEngine.Pdf\TemplatorEngine.Pdf.csproj", "{8127F107-E6F7-4050-B6CD-18F3D64DB88E}"
EndProject
Project("{FAE04EC0-301F-11D3-BF4B-00C04F79EFBC}") = "TemplatorEngine.Svg", "TemplatorEngine.Svg\TemplatorEngine.Svg.csproj", "{7972E4B3-CF5F-4EC7-ABA3-9CF63426D900}"
EndProject
Project("{FAE04EC0-301F-11D3-BF4B-00C04F79EFBC}") = "TemplatorEngine.Core", "TemplatorEngine.Core\TemplatorEngine.Core.csproj", "{80BA34E0-A9DB-4211-A4EB-62B059921B3C}"
EndProject
Global
	GlobalSection(SolutionConfigurationPlatforms) = preSolution
		Debug|Any CPU = Debug|Any CPU
		Release|Any CPU = Release|Any CPU
	EndGlobalSection
	GlobalSection(ProjectConfigurationPlatforms) = postSolution
		{F159DC60-8D0E-4F06-8055-270C5A6D6A43}.Debug|Any CPU.ActiveCfg = Debug|Any CPU
		{F159DC60-8D0E-4F06-8055-270C5A6D6A43}.Debug|Any CPU.Build.0 = Debug|Any CPU
		{F159DC60-8D0E-4F06-8055-270C5A6D6A43}.Release|Any CPU.ActiveCfg = Release|Any CPU
		{F159DC60-8D0E-4F06-8055-270C5A6D6A43}.Release|Any CPU.Build.0 = Release|Any CPU
		{8127F107-E6F7-4050-B6CD-18F3D64DB88E}.Debug|Any CPU.ActiveCfg = Debug|Any CPU
		{8127F107-E6F7-4050-B6CD-18F3D64DB88E}.Debug|Any CPU.Build.0 = Debug|Any CPU
		{8127F107-E6F7-4050-B6CD-18F3D64DB88E}.Release|Any CPU.ActiveCfg = Release|Any CPU
		{8127F107-E6F7-4050-B6CD-18F3D64DB88E}.Release|Any CPU.Build.0 = Release|Any CPU
		{7972E4B3-CF5F-4EC7-ABA3-9CF63426D900}.Debug|Any CPU.ActiveCfg = Debug|Any CPU
		{7972E4B3-CF5F-4EC7-ABA3-9CF63426D900}.Debug|Any CPU.Build.0 = Debug|Any CPU
		{7972E4B3-CF5F-4EC7-ABA3-9CF63426D900}.Release|Any CPU.ActiveCfg = Release|Any CPU
		{7972E4B3-CF5F-4EC7-ABA3-9CF63426D900}.Release|Any CPU.Build.0 = Release|Any CPU
		{80BA34E0-A9DB-4211-A4EB-62B059921B3C}.Debug|Any CPU.ActiveCfg = Debug|Any CPU
		{80BA34E0-A9DB-4211-A4EB-62B059921B3C}.Debug|Any CPU.Build.0 = Debug|Any CPU
		{80BA34E0-A9DB-4211-A4EB-62B059921B3C}.Release|Any CPU.ActiveCfg = Release|Any CPU
		{80BA34E0-A9DB-4211-A4EB-62B059921B3C}.Release|Any CPU.Build.0 = Release|Any CPU
	EndGlobalSection
EndGlobal
